antlr4-python3-runtime==4.9.3 --hash=sha256:8171573246a4f6026bae5f76bf5a4550c34a14342a0f4c0b1e7872a18753d293
audioread==3.1.0 --hash=sha256:b30d1df6c5d3de5dcef0fb0e256f6ea17bdcf5f979408df0297d8a408e2971b4
certifi==2026.7.22 --hash=sha256:62f22742b58a1a33014a2b6b706588a8d7e2a88ae7bd1a6ebe8c992928483775
cffi==2.1.1 --hash=sha256:f53e442b08449d42821fa4a4fba000095af9f62742a500f978a9f557ec44339a
charset-normalizer==3.5.1 --hash=sha256:3617ac3cfd8b9888f145ad89dd6e692285834b0201c6074a5eeaad3fd4d668c2
cloudpickle==3.1.2 --hash=sha256:9acb47f6afd73f60dc1df93bb801b472f05ff42fa6c84167d25cb206be1fbf4a
colorama==0.4.6 --hash=sha256:4f1d9991f5acc0ca119f9d443620b77f9d6b33703e51011c16baf57afb285fc6
contourpy==1.4.0 --hash=sha256:6e697d94e69f499ff6bebb899cae97a58d5d14f0e1fe9568b43a0248d2f9af8c
cycler==0.12.1 --hash=sha256:85cef7cff222d8644161529808465972e51340599459b8ac3ccbac5a854e0d30
decorator==5.3.1 --hash=sha256:f47fe6fdbd2edd623ecfe36875d37aba411624e2670dd395dddae1358689bb3c
demucs==4.0.1 --hash=sha256:ef1cd9e8941014335f27daff4831ecf2dc8c80b3a22a04dbcb5fbb04343bc08d
dora_search==0.1.13 --hash=sha256:2b440ab095d3dd715367bf680e64c94d9abe1a3950006224badecad9ff8240a5
einops==0.8.2 --hash=sha256:54058201ac7087911181bfec4af6091bb59380360f069276601256a76af08193
filelock==3.32.3 --hash=sha256:7f0ca4bcc0e181c60dbbd8aa9ab5b120ebb99e4e064e83636340056f833a1f09
flatbuffers==25.12.19 --hash=sha256:7634f50c427838bb021c2d66a3d1168e9d199b0607e6329399f04846d42e20b4
fonttools==4.65.0 --hash=sha256:3b5d9ba89edf778b376e669b879ae33a198bf45cf5a23c3f6514f935cf9d0d9d
fsspec==2026.7.0 --hash=sha256:b57ddbafedfaef7018c1ecab32aa200a9d7ca26b77965f64e48b70061249d279
hyper-connections==0.4.11 --hash=sha256:92a8d24340ef6dbf2a356b1f2e74ebb877d680aa96afc6f9f1cff636ab2e55f0
idna==3.20 --hash=sha256:ab7ae7122974553370f0bdb919e1a960b2cd1bc1ef0276416d896db81c14582c
Jinja2==3.1.6 --hash=sha256:85ece4451f492d0c13c5dd7c13a64681a86afae63a5f347908daf103ce6d2f67
joblib==1.6.0 --hash=sha256:3dbbf9f6e4b592a2357b854608e980fe6390d131d7a82f011a377ef2ebef7aba
julius==0.2.8 --hash=sha256:6891235cbc355e629d839f87489bff8ca46e57a0e7cc35abb909c7a2aa538c25
kiwisolver==1.5.1 --hash=sha256:06a6917674de9e0fe3f66f5430787f59a9f2ddb64af9b714eaec547e29ef5c19
lameenc==1.8.4 --hash=sha256:33854f5b479cec81679860c8d67225e2ab3a31a0bde0bdf49b55e2bd6ee1923e
lazy-loader==0.6 --hash=sha256:77253be3391b06124a0e16105bd663b6c54470af1a9ca8e1cf026f38d58ed056
librosa==0.11.0 --hash=sha256:0b6415c4fd68bff4c29288abe67c6d80b587e0e1e2cfb0aad23e4559504a7fa1
llvmlite==0.49.0 --hash=sha256:3a9c9e3af4e214acfefa4f73ebe7bc3fb35854a62b654edb3953f5ae33c08ba3
local-attention==1.11.2 --hash=sha256:8bbb03cef6a6f0b694de64f9ecd81886fd1e73ef367b57f02995b469ac52fd16
MarkupSafe==3.0.3 --hash=sha256:26a5784ded40c9e318cfc2bdb30fe164bdb8665ded9cd64d500a34fb42067b1c
matplotlib==3.10.3 --hash=sha256:cf37d8c6ef1a48829443e8ba5227b44236d7fcaf7647caa3178a4ff9f7a5be05
mir_eval==0.8.2 --hash=sha256:114cda33d8e17408c170598e0b36ed0d71ff4a2fee8eaf9e165b58ecf1c87170
mpmath==1.3.0 --hash=sha256:a0b2b9fe80bbcd81a6647ff13108738cfb482d481d826cc0e02f5b35e5c88d2c
msgpack==1.2.2 --hash=sha256:b68614fba0570349833b7dd999ff0aed4e5cc8d9eb6e3a7d4527be33c65e33d3
narwhals==2.26.0 --hash=sha256:29326d74f107c347fd1009bd58e38d9f7c7c5b51e6de97bc93dbc325d9038b54
networkx==3.6.1 --hash=sha256:d47fbf302e7d9cbbb9e2555a0d267983d2aa476bac30e90dfbe5669bd57f3762
numba==0.67.0 --hash=sha256:50e2b72406c18cda5dd7431b0082cb85ea94e06c64c33607248fc8bef92cfb81
numpy==2.2.6 --hash=sha256:c1f9540be57940698ed329904db803cf7a402f3fc200bfe599334c9bd84a40b2
omegaconf==2.3.1 --hash=sha256:3d701d14e9a8828f1edd28bb70b725908b34277cdd72cf7d6a83f94dadc6b6a0
onnxruntime==1.30.0 --hash=sha256:f3501472571f1b1eee50e017851e7929f5ea37312d2d8c2494a19e8fc58b4a38
openunmix==1.3.0 --hash=sha256:e893ae22c5b8001a6107022499c2587b70d5c2e4777cc7c9ed6272b68a69534e
packaging==26.3 --hash=sha256:d7193f7c8e4e93f444fde0262bf90af30e16fa0ad0ad44cb553c87339b23cd1c
pillow==12.3.0 --hash=sha256:a2b55dd6b2a4c4b7d87ffa56bdb33fdc5fdb9a462173861a7bc097f17d91cb09
platformdirs==4.11.12 --hash=sha256:b1ba966ac76153d9985a0787ffab951e7c18416189873d4e4ddb2c8a04a0a254
pooch==1.9.0 --hash=sha256:f265597baa9f760d25ceb29d0beb8186c243d6607b0f60b83ecf14078dbc703b
protobuf==7.36.2 --hash=sha256:a300819d441e078a5608c0d3c709796bb548136058fda017ae51d425b44fd353
psutil==7.2.2 --hash=sha256:eb7e81434c8d223ec4a219b5fc1c47d0417b12be7ea866e24fb5ad6e84b3d988
pycparser==3.0 --hash=sha256:b727414169a36b7d524c1c3e31839a521725078d7b2ff038656844266160a992
pyparsing==3.3.3 --hash=sha256:ece8c00a69cf01b45d0b1dedabb469c90d8caf996d4fda40f147627a122849a4
pyqtgraph==0.13.7 --hash=sha256:7754edbefb6c367fa0dfb176e2d0610da3ada20aa7a5318516c74af5fb72bf7a
PySide6==6.8.3 --hash=sha256:722dc0061d8ef6dbb8c0b99864f21e83a5b49ece1ecb2d0b890840d969e1e461
PySide6_Addons==6.8.3 --hash=sha256:67548f6db11f4e1b7e4b6efd9c3fc2e8d275188a7b2feac388961128572a6955
PySide6_Essentials==6.8.3 --hash=sha256:3c0fae5550aff69f2166f46476c36e0ef56ce73d84829eac4559770b0c034b07
python-dateutil==2.9.0.post0 --hash=sha256:a8b2bc7bffae282281c8140a97d3aa9c14da0b136dfe83f850eea9a5f7470427
PyYAML==6.0.3 --hash=sha256:5fcd34e47f6e0b794d17de1b4ff496c00986e1c83f7ab2fb8fcfe9616ff7477b
requests==2.34.2 --hash=sha256:2a0d60c172f83ac6ab31e4554906c0f3b3588d37b5cb939b1c061f4907e278e0
resampy==0.4.3 --hash=sha256:ad2ed64516b140a122d96704e32bc0f92b23f45419e8b8f478e5a05f83edcebd
retrying==1.4.2 --hash=sha256:bbc004aeb542a74f3569aeddf42a2516efefcdaff90df0eb38fbfbf19f179f59
scikit-learn==1.9.1 --hash=sha256:4b59abb30618121cc46b45972d6bf53a7128b4df4cd346c6ca6f4d5f9031e49c
scipy==1.18.1 --hash=sha256:5e4d44984abc0020154ea81b247adeddcc3ac5527b975ff798bd1ba0adc513c2
setuptools==78.1.0 --hash=sha256:3e386e96793c8702ae83d17b853fb93d3e09ef82ec62722e61da5cd22376dcd8
shiboken6==6.8.3 --hash=sha256:bca3a94513ce9242f7d4bbdca902072a1631888e0aa3a8711a52cc5dbe93588f
six==1.17.0 --hash=sha256:4721f391ed90541fddacab5acf947aa0d3dc7d27b2e1e8eda2be8970586c3274
soundfile==0.13.1 --hash=sha256:1e70a05a0626524a69e9f0f4dd2ec174b4e9567f4d8b6c11d38b5c289be36ee9
soxr==1.1.0 --hash=sha256:6ae2a174bffea94e8ead857dad85999d3f49f091774dbad5b046c0417d7092f4
submitit==1.5.4 --hash=sha256:c26f3a7c8d4150eaf70b1da71e2023e9e9936c93e8342ed7db910f29158561c5
sympy==1.13.1 --hash=sha256:db36cdc64bf61b9b24578b6f7bab1ecdd2452cf008f34faa33776680c26d66f8
threadpoolctl==3.7.0 --hash=sha256:cd8b60b5641b45c67bbf73c64c843235fc2d8a480c87389f52f5dbee893b86be
torch==2.5.1+cu124 --hash=sha256:3c3f705fb125edbd77f9579fa11a138c56af8968a10fc95834cdd9fdf4f1f1a6
torch-einops-utils==0.1.29 --hash=sha256:615550f55b29238ff852f48b179a8be90cee6bbf70ae176e1f7c8c63da5dd7fc
torchaudio==2.5.1+cu124 --hash=sha256:cca2de94f232611b20d379edf28befa7a1aa482ae9ed41c3b958b08ed1bf4983
torchcrepe==0.0.24 --hash=sha256:ec054c23c9d45328f213f93a0131570a3f0e5903e9382792bed95f17a8c36d5a
tqdm==4.70.1 --hash=sha256:c293e525e6fef9c20e8728fd4612df02a0aa31bb5fe91ecd93e123b1b7bffa73
treetable==0.2.6 --hash=sha256:fa7dfa0297d2bbc5882191edd2e15f79a5e883e352f489e2acadb221db565adf
typing_extensions==4.16.0 --hash=sha256:481caa481374e813c1b176ada14e97f1f67a4539ce9cfeb3f350d78d6370c2e8
urllib3==2.8.0 --hash=sha256:0cf3cae568d36aa9576b28dfb35f11328f1cb974ca7647d9475ebb86c75ac6e3
