absl-py==2.2.2 --hash=sha256:e5797bc6abe45f64fd95dc06394ca3f2bedf3b5d895e9da691c9ee3397d70092
audio-separator==0.47.0 --hash=sha256:756f3b620d78e581a117c6b6d96fe4f0eafc3432ab2824cb11532b4868bfd9a8
beartype==0.18.5 --hash=sha256:5301a14f2a9a5540fe47ec6d34d758e9cd8331d36c4760fc7a5499ab86310089
ml_collections==1.0.0 --hash=sha256:17dbca4d83aba64f56b4b96e59637026d99d9e922569118b8a7f2e0ca6d203a6
pydub==0.25.1 --hash=sha256:65617e33033874b59d87db603aa1ed450633288aefead953b30bded59cb599a6
rotary-embedding-torch==0.6.5 --hash=sha256:96c0b27b688820cbde652dd7869cf035b4f653eee53ddaf78133cf7cdd4aab19
